// !$*UTF8*$!
{
	archiveVersion = 1;
	classes = {
	};
	objectVersion = 46;
	objects = {

/* Begin PBXBuildFile section */
		041388B31F8530210060B72D /* AppDelegate.swift in Sources */ = {isa = PBXBuildFile; fileRef = 041388B21F8530210060B72D /* AppDelegate.swift */; };
		041388B51F8530210060B72D /* ViewController.swift in Sources */ = {isa = PBXBuildFile; fileRef = 041388B41F8530210060B72D /* ViewController.swift */; };
		041388B81F8530210060B72D /* Main.storyboard in Resources */ = {isa = PBXBuildFile; fileRef = 041388B61F8530210060B72D /* Main.storyboard */; };
		041388BB1F8530220060B72D /* UIActivityView__ProgressIndicator.xcdatamodeld in Sources */ = {isa = PBXBuildFile; fileRef = 041388B91F8530220060B72D /* UIActivityView__ProgressIndicator.xcdatamodeld */; };
		041388BD1F8530220060B72D /* Assets.xcassets in Resources */ = {isa = PBXBuildFile; fileRef = 041388BC1F8530220060B72D /* Assets.xcassets */; };
		041388C01F8530220060B72D /* LaunchScreen.storyboard in Resources */ = {isa = PBXBuildFile; fileRef = 041388BE1F8530220060B72D /* LaunchScreen.storyboard */; };
/* End PBXBuildFile section */

/* Begin PBXFileReference section */
		041388AF1F8530210060B72D /* UIActivityView, ProgressIndicator.app */ = {isa = PBXFileReference; explicitFileType = wrapper.application; includeInIndex = 0; path = "UIActivityView, ProgressIndicator.app"; sourceTree = BUILT_PRODUCTS_DIR; };
		041388B21F8530210060B72D /* AppDelegate.swift */ = {isa = PBXFileReference; lastKnownFileType = sourcecode.swift; path = AppDelegate.swift; sourceTree = "<group>"; };
		041388B41F8530210060B72D /* ViewController.swift */ = {isa = PBXFileReference; lastKnownFileType = sourcecode.swift; path = ViewController.swift; sourceTree = "<group>"; };
		041388B71F8530210060B72D /* Base */ = {isa = PBXFileReference; lastKnownFileType = file.storyboard; name = Base; path = Base.lproj/Main.storyboard; sourceTree = "<group>"; };
		041388BA1F8530220060B72D /* UIActivityView__ProgressIndicator.xcdatamodel */ = {isa = PBXFileReference; lastKnownFileType = wrapper.xcdatamodel; path = UIActivityView__ProgressIndicator.xcdatamodel; sourceTree = "<group>"; };
		041388BC1F8530220060B72D /* Assets.xcassets */ = {isa = PBXFileReference; lastKnownFileType = folder.assetcatalog; path = Assets.xcassets; sourceTree = "<group>"; };
		041388BF1F8530220060B72D /* Base */ = {isa = PBXFileReference; lastKnownFileType = file.storyboard; name = Base; path = Base.lproj/LaunchScreen.storyboard; sourceTree = "<group>"; };
		041388C11F8530220060B72D /* Info.plist */ = {isa = PBXFileReference; lastKnownFileType = text.plist.xml; path = Info.plist; sourceTree = "<group>"; };
/* End PBXFileReference section */

/* Begin PBXFrameworksBuildPhase section */
		041388AC1F8530210060B72D /* Frameworks */ = {
			isa = PBXFrameworksBuildPhase;
			buildActionMask = 2147483647;
			files = (
			);
			runOnlyForDeploymentPostprocessing = 0;
		};
/* End PBXFrameworksBuildPhase section */

/* Begin PBXGroup section */
		041388A61F8530210060B72D = {
			isa = PBXGroup;
			children = (
				041388B11F8530210060B72D /* UIActivityView, ProgressIndicator */,
				041388B01F8530210060B72D /* Products */,
			);
			sourceTree = "<group>";
		};
		041388B01F8530210060B72D /* Products */ = {
			isa = PBXGroup;
			children = (
				041388AF1F8530210060B72D /* UIActivityView, ProgressIndicator.app */,
			);
			name = Products;
			sourceTree = "<group>";
		};
		041388B11F8530210060B72D /* UIActivityView, ProgressIndicator */ = {
			isa = PBXGroup;
			children = (
				041388B21F8530210060B72D /* AppDelegate.swift */,
				041388B41F8530210060B72D /* ViewController.swift */,
				041388B61F8530210060B72D /* Main.storyboard */,
				041388BC1F8530220060B72D /* Assets.xcassets */,
				041388BE1F8530220060B72D /* LaunchScreen.storyboard */,
				041388C11F8530220060B72D /* Info.plist */,
				041388B91F8530220060B72D /* UIActivityView__ProgressIndicator.xcdatamodeld */,
			);
			path = "UIActivityView, ProgressIndicator";
			sourceTree = "<group>";
		};
/* End PBXGroup section */

/* Begin PBXNativeTarget section */
		041388AE1F8530210060B72D /* UIActivityView, ProgressIndicator */ = {
			isa = PBXNativeTarget;
			buildConfigurationList = 041388C41F8530220060B72D /* Build configuration list for PBXNativeTarget "UIActivityView, ProgressIndicator" */;
			buildPhases = (
				041388AB1F8530210060B72D /* Sources */,
				041388AC1F8530210060B72D /* Frameworks */,
				041388AD1F8530210060B72D /* Resources */,
			);
			buildRules = (
			);
			dependencies = (
			);
			name = "UIActivityView, ProgressIndicator";
			productName = "UIActivityView, ProgressIndicator";
			productReference = 041388AF1F8530210060B72D /* UIActivityView, ProgressIndicator.app */;
			productType = "com.apple.product-type.application";
		};
/* End PBXNativeTarget section */

/* Begin PBXProject section */
		041388A71F8530210060B72D /* Project object */ = {
			isa = PBXProject;
			attributes = {
				LastSwiftUpdateCheck = 0830;
				LastUpgradeCheck = 0830;
				ORGANIZATIONNAME = Mac;
				TargetAttributes = {
					041388AE1F8530210060B72D = {
						CreatedOnToolsVersion = 8.3.3;
						DevelopmentTeam = LGQ8KLBP8Q;
						ProvisioningStyle = Automatic;
					};
				};
			};
			buildConfigurationList = 041388AA1F8530210060B72D /* Build configuration list for PBXProject "UIActivityView, ProgressIndicator" */;
			compatibilityVersion = "Xcode 3.2";
			developmentRegion = English;
			hasScannedForEncodings = 0;
			knownRegions = (
				en,
				Base,
			);
			mainGroup = 041388A61F8530210060B72D;
			productRefGroup = 041388B01F8530210060B72D /* Products */;
			projectDirPath = "";
			projectRoot = "";
			targets = (
				041388AE1F8530210060B72D /* UIActivityView, ProgressIndicator */,
			);
		};
/* End PBXProject section */

/* Begin PBXResourcesBuildPhase section */
		041388AD1F8530210060B72D /* Resources */ = {
			isa = PBXResourcesBuildPhase;
			buildActionMask = 2147483647;
			files = (
				041388C01F8530220060B72D /* LaunchScreen.storyboard in Resources */,
				041388BD1F8530220060B72D /* Assets.xcassets in Resources */,
				041388B81F8530210060B72D /* Main.storyboard in Resources */,
			);
			runOnlyForDeploymentPostprocessing = 0;
		};
/* End PBXResourcesBuildPhase section */

/* Begin PBXSourcesBuildPhase section */
		041388AB1F8530210060B72D /* Sources */ = {
			isa = PBXSourcesBuildPhase;
			buildActionMask = 2147483647;
			files = (
				041388BB1F8530220060B72D /* UIActivityView__ProgressIndicator.xcdatamodeld in Sources */,
				041388B51F8530210060B72D /* ViewController.swift in Sources */,
				041388B31F8530210060B72D /* AppDelegate.swift in Sources */,
			);
			runOnlyForDeploymentPostprocessing = 0;
		};
/* End PBXSourcesBuildPhase section */

/* Begin PBXVariantGroup section */
		041388B61F8530210060B72D /* Main.storyboard */ = {
			isa = PBXVariantGroup;
			children = (
				041388B71F8530210060B72D /* Base */,
			);
			name = Main.storyboard;
			sourceTree = "<group>";
		};
		041388BE1F8530220060B72D /* LaunchScreen.storyboard */ = {
			isa = PBXVariantGroup;
			children = (
				041388BF1F8530220060B72D /* Base */,
			);
			name = LaunchScreen.storyboard;
			sourceTree = "<group>";
		};
/* End PBXVariantGroup section */

/* Begin XCBuildConfiguration section */
		041388C21F8530220060B72D /* Debug */ = {
			isa = XCBuildConfiguration;
			buildSettings = {
				ALWAYS_SEARCH_USER_PATHS = NO;
				CLANG_ANALYZER_NONNULL = YES;
				CLANG_ANALYZER_NUMBER_OBJECT_CONVERSION = YES_AGGRESSIVE;
				CLANG_CXX_LANGUAGE_STANDARD = "gnu++0x";
				CLANG_CXX_LIBRARY = "libc++";
				CLANG_ENABLE_MODULES = YES;
				CLANG_ENABLE_OBJC_ARC = YES;
				CLANG_WARN_BOOL_CONVERSION = YES;
				CLANG_WARN_CONSTANT_CONVERSION = YES;
				CLANG_WARN_DIRECT_OBJC_ISA_USAGE = YES_ERROR;
				CLANG_WARN_DOCUMENTATION_COMMENTS = YES;
				CLANG_WARN_EMPTY_BODY = YES;
				CLANG_WARN_ENUM_CONVERSION = YES;
				CLANG_WARN_INFINITE_RECURSION = YES;
				CLANG_WARN_INT_CONVERSION = YES;
				CLANG_WARN_OBJC_ROOT_CLASS = YES_ERROR;
				CLANG_WARN_SUSPICIOUS_MOVE = YES;
				CLANG_WARN_UNREACHABLE_CODE = YES;
				CLANG_WARN__DUPLICATE_METHOD_MATCH = YES;
				"CODE_SIGN_IDENTITY[sdk=iphoneos*]" = "iPhone Developer";
				COPY_PHASE_STRIP = NO;
				DEBUG_INFORMATION_FORMAT = dwarf;
				ENABLE_STRICT_OBJC_MSGSEND = YES;
				ENABLE_TESTABILITY = YES;
				GCC_C_LANGUAGE_STANDARD = gnu99;
				GCC_DYNAMIC_NO_PIC = NO;
				GCC_NO_COMMON_BLOCKS = YES;
				GCC_OPTIMIZATION_LEVEL = 0;
				GCC_PREPROCESSOR_DEFINITIONS = (
					"DEBUG=1",
					"$(inherited)",
				);
				GCC_WARN_64_TO_32_BIT_CONVERSION = YES;
				GCC_WARN_ABOUT_RETURN_TYPE = YES_ERROR;
				GCC_WARN_UNDECLARED_SELECTOR = YES;
				GCC_WARN_UNINITIALIZED_AUTOS = YES_AGGRESSIVE;
				GCC_WARN_UNUSED_FUNCTION = YES;
				GCC_WARN_UNUSED_VARIABLE = YES;
				IPHONEOS_DEPLOYMENT_TARGET = 10.3;
				MTL_ENABLE_DEBUG_INFO = YES;
				ONLY_ACTIVE_ARCH = YES;
				SDKROOT = iphoneos;
				SWIFT_ACTIVE_COMPILATION_CONDITIONS = DEBUG;
				SWIFT_OPTIMIZATION_LEVEL = "-Onone";
			};
			name = Debug;
		};
		041388C31F8530220060B72D /* Release */ = {
			isa = XCBuildConfiguration;
			buildSettings = {
				ALWAYS_SEARCH_USER_PATHS = NO;
				CLANG_ANALYZER_NONNULL = YES;
				CLANG_ANALYZER_NUMBER_OBJECT_CONVERSION = YES_AGGRESSIVE;
				CLANG_CXX_LANGUAGE_STANDARD = "gnu++0x";
				CLANG_CXX_LIBRARY = "libc++";
				CLANG_ENABLE_MODULES = YES;
				CLANG_ENABLE_OBJC_ARC = YES;
				CLANG_WARN_BOOL_CONVERSION = YES;
				CLANG_WARN_CONSTANT_CONVERSION = YES;
				CLANG_WARN_DIRECT_OBJC_ISA_USAGE = YES_ERROR;
				CLANG_WARN_DOCUMENTATION_COMMENTS = YES;
				CLANG_WARN_EMPTY_BODY = YES;
				CLANG_WARN_ENUM_CONVERSION = YES;
				CLANG_WARN_INFINITE_RECURSION = YES;
				CLANG_WARN_INT_CONVERSION = YES;
				CLANG_WARN_OBJC_ROOT_CLASS = YES_ERROR;
				CLANG_WARN_SUSPICIOUS_MOVE = YES;
				CLANG_WARN_UNREACHABLE_CODE = YES;
				CLANG_WARN__DUPLICATE_METHOD_MATCH = YES;
				"CODE_SIGN_IDENTITY[sdk=iphoneos*]" = "iPhone Developer";
				COPY_PHASE_STRIP = NO;
				DEBUG_INFORMATION_FORMAT = "dwarf-with-dsym";
				ENABLE_NS_ASSERTIONS = NO;
				ENABLE_STRICT_OBJC_MSGSEND = YES;
				GCC_C_LANGUAGE_STANDARD = gnu99;
				GCC_NO_COMMON_BLOCKS = YES;
				GCC_WARN_64_TO_32_BIT_CONVERSION = YES;
				GCC_WARN_ABOUT_RETURN_TYPE = YES_ERROR;
				GCC_WARN_UNDECLARED_SELECTOR = YES;
				GCC_WARN_UNINITIALIZED_AUTOS = YES_AGGRESSIVE;
				GCC_WARN_UNUSED_FUNCTION = YES;
				GCC_WARN_UNUSED_VARIABLE = YES;
				IPHONEOS_DEPLOYMENT_TARGET = 10.3;
				MTL_ENABLE_DEBUG_INFO = NO;
				SDKROOT = iphoneos;
				SWIFT_OPTIMIZATION_LEVEL = "-Owholemodule";
				VALIDATE_PRODUCT = YES;
			};
			name = Release;
		};
		041388C51F8530220060B72D /* Debug */ = {
			isa = XCBuildConfiguration;
			buildSettings = {
				ASSETCATALOG_COMPILER_APPICON_NAME = AppIcon;
				DEVELOPMENT_TEAM = LGQ8KLBP8Q;
				INFOPLIST_FILE = "UIActivityView, ProgressIndicator/Info.plist";
				LD_RUNPATH_SEARCH_PATHS = "$(inherited) @executable_path/Frameworks";
				PRODUCT_BUNDLE_IDENTIFIER = "Nazar.UIActivityView--ProgressIndicator";
				PRODUCT_NAME = "$(TARGET_NAME)";
				SWIFT_VERSION = 3.0;
			};
			name = Debug;
		};
		041388C61F8530220060B72D /* Release */ = {
			isa = XCBuildConfiguration;
			buildSettings = {
				ASSETCATALOG_COMPILER_APPICON_NAME = AppIcon;
				DEVELOPMENT_TEAM = LGQ8KLBP8Q;
				INFOPLIST_FILE = "UIActivityView, ProgressIndicator/Info.plist";
				LD_RUNPATH_SEARCH_PATHS = "$(inherited) @executable_path/Frameworks";
				PRODUCT_BUNDLE_IDENTIFIER = "Nazar.UIActivityView--ProgressIndicator";
				PRODUCT_NAME = "$(TARGET_NAME)";
				SWIFT_VERSION = 3.0;
			};
			name = Release;
		};
/* End XCBuildConfiguration section */

/* Begin XCConfigurationList section */
		041388AA1F8530210060B72D /* Build configuration list for PBXProject "UIActivityView, ProgressIndicator" */ = {
			isa = XCConfigurationList;
			buildConfigurations = (
				041388C21F8530220060B72D /* Debug */,
				041388C31F8530220060B72D /* Release */,
			);
			defaultConfigurationIsVisible = 0;
			defaultConfigurationName = Release;
		};
		041388C41F8530220060B72D /* Build configuration list for PBXNativeTarget "UIActivityView, ProgressIndicator" */ = {
			isa = XCConfigurationList;
			buildConfigurations = (
				041388C51F8530220060B72D /* Debug */,
				041388C61F8530220060B72D /* Release */,
			);
			defaultConfigurationIsVisible = 0;
		};
/* End XCConfigurationList section */

/* Begin XCVersionGroup section */
		041388B91F8530220060B72D /* UIActivityView__ProgressIndicator.xcdatamodeld */ = {
			isa = XCVersionGroup;
			children = (
				041388BA1F8530220060B72D /* UIActivityView__ProgressIndicator.xcdatamodel */,
			);
			currentVersion = 041388BA1F8530220060B72D /* UIActivityView__ProgressIndicator.xcdatamodel */;
			path = UIActivityView__ProgressIndicator.xcdatamodeld;
			sourceTree = "<group>";
			versionGroupType = wrapper.xcdatamodel;
		};
/* End XCVersionGroup section */
	};
	rootObject = 041388A71F8530210060B72D /* Project object */;
}
